// !$*UTF8*$!
{
	archiveVersion = 1;
	classes = {
	};
	objectVersion = 50;
	objects = {

/* Begin PBXBuildFile section */
		4ABB8AAF24A416EB008E472C /* AppDelegate.swift in Sources */ = {isa = PBXBuildFile; fileRef = 4ABB8AAE24A416EB008E472C /* AppDelegate.swift */; };
		4ABB8AB124A416EB008E472C /* SceneDelegate.swift in Sources */ = {isa = PBXBuildFile; fileRef = 4ABB8AB024A416EB008E472C /* SceneDelegate.swift */; };
		4ABB8AB324A416EB008E472C /* ViewController.swift in Sources */ = {isa = PBXBuildFile; fileRef = 4ABB8AB224A416EB008E472C /* ViewController.swift */; };
		4ABB8AB624A416EB008E472C /* Main.storyboard in Resources */ = {isa = PBXBuildFile; fileRef = 4ABB8AB424A416EB008E472C /* Main.storyboard */; };
		4ABB8AB824A416ED008E472C /* Assets.xcassets in Resources */ = {isa = PBXBuildFile; fileRef = 4ABB8AB724A416ED008E472C /* Assets.xcassets */; };
		4ABB8ABB24A416ED008E472C /* LaunchScreen.storyboard in Resources */ = {isa = PBXBuildFile; fileRef = 4ABB8AB924A416ED008E472C /* LaunchScreen.storyboard */; };
		4ABB8AC624A416ED008E472C /* xylophone_lifeTests.swift in Sources */ = {isa = PBXBuildFile; fileRef = 4ABB8AC524A416ED008E472C /* xylophone_lifeTests.swift */; };
		4ABB8AD124A416ED008E472C /* xylophone_lifeUITests.swift in Sources */ = {isa = PBXBuildFile; fileRef = 4ABB8AD024A416ED008E472C /* xylophone_lifeUITests.swift */; };
		4AD7FBFA24A451980090873B /* B.wav in Resources */ = {isa = PBXBuildFile; fileRef = 4AD7FBF324A451970090873B /* B.wav */; };
		4AD7FBFB24A451980090873B /* E.wav in Resources */ = {isa = PBXBuildFile; fileRef = 4AD7FBF424A451980090873B /* E.wav */; };
		4AD7FBFC24A451980090873B /* A.wav in Resources */ = {isa = PBXBuildFile; fileRef = 4AD7FBF524A451980090873B /* A.wav */; };
		4AD7FBFD24A451980090873B /* C.wav in Resources */ = {isa = PBXBuildFile; fileRef = 4AD7FBF624A451980090873B /* C.wav */; };
		4AD7FBFE24A451980090873B /* F.wav in Resources */ = {isa = PBXBuildFile; fileRef = 4AD7FBF724A451980090873B /* F.wav */; };
		4AD7FBFF24A451980090873B /* D.wav in Resources */ = {isa = PBXBuildFile; fileRef = 4AD7FBF824A451980090873B /* D.wav */; };
		4AD7FC0024A451980090873B /* G.wav in Resources */ = {isa = PBXBuildFile; fileRef = 4AD7FBF924A451980090873B /* G.wav */; };
/* End PBXBuildFile section */

/* Begin PBXContainerItemProxy section */
		4ABB8AC224A416ED008E472C /* PBXContainerItemProxy */ = {
			isa = PBXContainerItemProxy;
			containerPortal = 4ABB8AA324A416EB008E472C /* Project object */;
			proxyType = 1;
			remoteGlobalIDString = 4ABB8AAA24A416EB008E472C;
			remoteInfo = "xylophone-life";
		};
		4ABB8ACD24A416ED008E472C /* PBXContainerItemProxy */ = {
			isa = PBXContainerItemProxy;
			containerPortal = 4ABB8AA324A416EB008E472C /* Project object */;
			proxyType = 1;
			remoteGlobalIDString = 4ABB8AAA24A416EB008E472C;
			remoteInfo = "xylophone-life";
		};
/* End PBXContainerItemProxy section */

/* Begin PBXFileReference section */
		4ABB8AAB24A416EB008E472C /* Xylophone Life.app */ = {isa = PBXFileReference; explicitFileType = wrapper.application; includeInIndex = 0; path = "Xylophone Life.app"; sourceTree = BUILT_PRODUCTS_DIR; };
		4ABB8AAE24A416EB008E472C /* AppDelegate.swift */ = {isa = PBXFileReference; lastKnownFileType = sourcecode.swift; path = AppDelegate.swift; sourceTree = "<group>"; };
		4ABB8AB024A416EB008E472C /* SceneDelegate.swift */ = {isa = PBXFileReference; lastKnownFileType = sourcecode.swift; path = SceneDelegate.swift; sourceTree = "<group>"; };
		4ABB8AB224A416EB008E472C /* ViewController.swift */ = {isa = PBXFileReference; lastKnownFileType = sourcecode.swift; path = ViewController.swift; sourceTree = "<group>"; };
		4ABB8AB524A416EB008E472C /* Base */ = {isa = PBXFileReference; lastKnownFileType = file.storyboard; name = Base; path = Base.lproj/Main.storyboard; sourceTree = "<group>"; };
		4ABB8AB724A416ED008E472C /* Assets.xcassets */ = {isa = PBXFileReference; lastKnownFileType = folder.assetcatalog; path = Assets.xcassets; sourceTree = "<group>"; };
		4ABB8ABA24A416ED008E472C /* Base */ = {isa = PBXFileReference; lastKnownFileType = file.storyboard; name = Base; path = Base.lproj/LaunchScreen.storyboard; sourceTree = "<group>"; };
		4ABB8ABC24A416ED008E472C /* Info.plist */ = {isa = PBXFileReference; lastKnownFileType = text.plist.xml; path = Info.plist; sourceTree = "<group>"; };
		4ABB8AC124A416ED008E472C /* xylophone-lifeTests.xctest */ = {isa = PBXFileReference; explicitFileType = wrapper.cfbundle; includeInIndex = 0; path = "xylophone-lifeTests.xctest"; sourceTree = BUILT_PRODUCTS_DIR; };
		4ABB8AC524A416ED008E472C /* xylophone_lifeTests.swift */ = {isa = PBXFileReference; lastKnownFileType = sourcecode.swift; path = xylophone_lifeTests.swift; sourceTree = "<group>"; };
		4ABB8AC724A416ED008E472C /* Info.plist */ = {isa = PBXFileReference; lastKnownFileType = text.plist.xml; path = Info.plist; sourceTree = "<group>"; };
		4ABB8ACC24A416ED008E472C /* xylophone-lifeUITests.xctest */ = {isa = PBXFileReference; explicitFileType = wrapper.cfbundle; includeInIndex = 0; path = "xylophone-lifeUITests.xctest"; sourceTree = BUILT_PRODUCTS_DIR; };
		4ABB8AD024A416ED008E472C /* xylophone_lifeUITests.swift */ = {isa = PBXFileReference; lastKnownFileType = sourcecode.swift; path = xylophone_lifeUITests.swift; sourceTree = "<group>"; };
		4ABB8AD224A416ED008E472C /* Info.plist */ = {isa = PBXFileReference; lastKnownFileType = text.plist.xml; path = Info.plist; sourceTree = "<group>"; };
		4AD7FBF324A451970090873B /* B.wav */ = {isa = PBXFileReference; lastKnownFileType = audio.wav; name = B.wav; path = "xylophone-life/Sounds/B.wav"; sourceTree = SOURCE_ROOT; };
		4AD7FBF424A451980090873B /* E.wav */ = {isa = PBXFileReference; lastKnownFileType = audio.wav; name = E.wav; path = "xylophone-life/Sounds/E.wav"; sourceTree = SOURCE_ROOT; };
		4AD7FBF524A451980090873B /* A.wav */ = {isa = PBXFileReference; lastKnownFileType = audio.wav; name = A.wav; path = "xylophone-life/Sounds/A.wav"; sourceTree = SOURCE_ROOT; };
		4AD7FBF624A451980090873B /* C.wav */ = {isa = PBXFileReference; lastKnownFileType = audio.wav; name = C.wav; path = "xylophone-life/Sounds/C.wav"; sourceTree = SOURCE_ROOT; };
		4AD7FBF724A451980090873B /* F.wav */ = {isa = PBXFileReference; lastKnownFileType = audio.wav; name = F.wav; path = "xylophone-life/Sounds/F.wav"; sourceTree = SOURCE_ROOT; };
		4AD7FBF824A451980090873B /* D.wav */ = {isa = PBXFileReference; lastKnownFileType = audio.wav; name = D.wav; path = "xylophone-life/Sounds/D.wav"; sourceTree = SOURCE_ROOT; };
		4AD7FBF924A451980090873B /* G.wav */ = {isa = PBXFileReference; lastKnownFileType = audio.wav; name = G.wav; path = "xylophone-life/Sounds/G.wav"; sourceTree = SOURCE_ROOT; };
/* End PBXFileReference section */

/* Begin PBXFrameworksBuildPhase section */
		4ABB8AA824A416EB008E472C /* Frameworks */ = {
			isa = PBXFrameworksBuildPhase;
			buildActionMask = 2147483647;
			files = (
			);
			runOnlyForDeploymentPostprocessing = 0;
		};
		4ABB8ABE24A416ED008E472C /* Frameworks */ = {
			isa = PBXFrameworksBuildPhase;
			buildActionMask = 2147483647;
			files = (
			);
			runOnlyForDeploymentPostprocessing = 0;
		};
		4ABB8AC924A416ED008E472C /* Frameworks */ = {
			isa = PBXFrameworksBuildPhase;
			buildActionMask = 2147483647;
			files = (
			);
			runOnlyForDeploymentPostprocessing = 0;
		};
/* End PBXFrameworksBuildPhase section */

/* Begin PBXGroup section */
		4ABB8AA224A416EB008E472C = {
			isa = PBXGroup;
			children = (
				4ABB8AAD24A416EB008E472C /* xylophone-life */,
				4ABB8AC424A416ED008E472C /* xylophone-lifeTests */,
				4ABB8ACF24A416ED008E472C /* xylophone-lifeUITests */,
				4ABB8AAC24A416EB008E472C /* Products */,
			);
			sourceTree = "<group>";
		};
		4ABB8AAC24A416EB008E472C /* Products */ = {
			isa = PBXGroup;
			children = (
				4ABB8AAB24A416EB008E472C /* Xylophone Life.app */,
				4ABB8AC124A416ED008E472C /* xylophone-lifeTests.xctest */,
				4ABB8ACC24A416ED008E472C /* xylophone-lifeUITests.xctest */,
			);
			name = Products;
			sourceTree = "<group>";
		};
		4ABB8AAD24A416EB008E472C /* xylophone-life */ = {
			isa = PBXGroup;
			children = (
				4AD7FC0124A4519F0090873B /* Sound */,
				4ABB8AAE24A416EB008E472C /* AppDelegate.swift */,
				4ABB8AB024A416EB008E472C /* SceneDelegate.swift */,
				4ABB8AB224A416EB008E472C /* ViewController.swift */,
				4ABB8AB424A416EB008E472C /* Main.storyboard */,
				4ABB8AB724A416ED008E472C /* Assets.xcassets */,
				4ABB8AB924A416ED008E472C /* LaunchScreen.storyboard */,
				4ABB8ABC24A416ED008E472C /* Info.plist */,
			);
			path = "xylophone-life";
			sourceTree = "<group>";
		};
		4ABB8AC424A416ED008E472C /* xylophone-lifeTests */ = {
			isa = PBXGroup;
			children = (
				4ABB8AC524A416ED008E472C /* xylophone_lifeTests.swift */,
				4ABB8AC724A416ED008E472C /* Info.plist */,
			);
			path = "xylophone-lifeTests";
			sourceTree = "<group>";
		};
		4ABB8ACF24A416ED008E472C /* xylophone-lifeUITests */ = {
			isa = PBXGroup;
			children = (
				4ABB8AD024A416ED008E472C /* xylophone_lifeUITests.swift */,
				4ABB8AD224A416ED008E472C /* Info.plist */,
			);
			path = "xylophone-lifeUITests";
			sourceTree = "<group>";
		};
		4AD7FC0124A4519F0090873B /* Sound */ = {
			isa = PBXGroup;
			children = (
				4AD7FBF524A451980090873B /* A.wav */,
				4AD7FBF324A451970090873B /* B.wav */,
				4AD7FBF624A451980090873B /* C.wav */,
				4AD7FBF824A451980090873B /* D.wav */,
				4AD7FBF424A451980090873B /* E.wav */,
				4AD7FBF724A451980090873B /* F.wav */,
				4AD7FBF924A451980090873B /* G.wav */,
			);
			path = Sound;
			sourceTree = "<group>";
		};
/* End PBXGroup section */

/* Begin PBXNativeTarget section */
		4ABB8AAA24A416EB008E472C /* xylophone-life */ = {
			isa = PBXNativeTarget;
			buildConfigurationList = 4ABB8AD524A416ED008E472C /* Build configuration list for PBXNativeTarget "xylophone-life" */;
			buildPhases = (
				4ABB8AA724A416EB008E472C /* Sources */,
				4ABB8AA824A416EB008E472C /* Frameworks */,
				4ABB8AA924A416EB008E472C /* Resources */,
			);
			buildRules = (
			);
			dependencies = (
			);
			name = "xylophone-life";
			productName = "xylophone-life";
			productReference = 4ABB8AAB24A416EB008E472C /* Xylophone Life.app */;
			productType = "com.apple.product-type.application";
		};
		4ABB8AC024A416ED008E472C /* xylophone-lifeTests */ = {
			isa = PBXNativeTarget;
			buildConfigurationList = 4ABB8AD824A416ED008E472C /* Build configuration list for PBXNativeTarget "xylophone-lifeTests" */;
			buildPhases = (
				4ABB8ABD24A416ED008E472C /* Sources */,
				4ABB8ABE24A416ED008E472C /* Frameworks */,
				4ABB8ABF24A416ED008E472C /* Resources */,
			);
			buildRules = (
			);
			dependencies = (
				4ABB8AC324A416ED008E472C /* PBXTargetDependency */,
			);
			name = "xylophone-lifeTests";
			productName = "xylophone-lifeTests";
			productReference = 4ABB8AC124A416ED008E472C /* xylophone-lifeTests.xctest */;
			productType = "com.apple.product-type.bundle.unit-test";
		};
		4ABB8ACB24A416ED008E472C /* xylophone-lifeUITests */ = {
			isa = PBXNativeTarget;
			buildConfigurationList = 4ABB8ADB24A416ED008E472C /* Build configuration list for PBXNativeTarget "xylophone-lifeUITests" */;
			buildPhases = (
				4ABB8AC824A416ED008E472C /* Sources */,
				4ABB8AC924A416ED008E472C /* Frameworks */,
				4ABB8ACA24A416ED008E472C /* Resources */,
			);
			buildRules = (
			);
			dependencies = (
				4ABB8ACE24A416ED008E472C /* PBXTargetDependency */,
			);
			name = "xylophone-lifeUITests";
			productName = "xylophone-lifeUITests";
			productReference = 4ABB8ACC24A416ED008E472C /* xylophone-lifeUITests.xctest */;
			productType = "com.apple.product-type.bundle.ui-testing";
		};
/* End PBXNativeTarget section */

/* Begin PBXProject section */
		4ABB8AA324A416EB008E472C /* Project object */ = {
			isa = PBXProject;
			attributes = {
				LastSwiftUpdateCheck = 1150;
				LastUpgradeCheck = 1150;
				ORGANIZATIONNAME = "Aminah Jamil";
				TargetAttributes = {
					4ABB8AAA24A416EB008E472C = {
						CreatedOnToolsVersion = 11.5;
					};
					4ABB8AC024A416ED008E472C = {
						CreatedOnToolsVersion = 11.5;
						TestTargetID = 4ABB8AAA24A416EB008E472C;
					};
					4ABB8ACB24A416ED008E472C = {
						CreatedOnToolsVersion = 11.5;
						TestTargetID = 4ABB8AAA24A416EB008E472C;
					};
				};
			};
			buildConfigurationList = 4ABB8AA624A416EB008E472C /* Build configuration list for PBXProject "xylophone-life" */;
			compatibilityVersion = "Xcode 9.3";
			developmentRegion = en;
			hasScannedForEncodings = 0;
			knownRegions = (
				en,
				Base,
			);
			mainGroup = 4ABB8AA224A416EB008E472C;
			productRefGroup = 4ABB8AAC24A416EB008E472C /* Products */;
			projectDirPath = "";
			projectRoot = "";
			targets = (
				4ABB8AAA24A416EB008E472C /* xylophone-life */,
				4ABB8AC024A416ED008E472C /* xylophone-lifeTests */,
				4ABB8ACB24A416ED008E472C /* xylophone-lifeUITests */,
			);
		};
/* End PBXProject section */

/* Begin PBXResourcesBuildPhase section */
		4ABB8AA924A416EB008E472C /* Resources */ = {
			isa = PBXResourcesBuildPhase;
			buildActionMask = 2147483647;
			files = (
				4AD7FBFF24A451980090873B /* D.wav in Resources */,
				4AD7FBFC24A451980090873B /* A.wav in Resources */,
				4AD7FBFB24A451980090873B /* E.wav in Resources */,
				4ABB8ABB24A416ED008E472C /* LaunchScreen.storyboard in Resources */,
				4ABB8AB824A416ED008E472C /* Assets.xcassets in Resources */,
				4ABB8AB624A416EB008E472C /* Main.storyboard in Resources */,
				4AD7FC0024A451980090873B /* G.wav in Resources */,
				4AD7FBFA24A451980090873B /* B.wav in Resources */,
				4AD7FBFD24A451980090873B /* C.wav in Resources */,
				4AD7FBFE24A451980090873B /* F.wav in Resources */,
			);
			runOnlyForDeploymentPostprocessing = 0;
		};
		4ABB8ABF24A416ED008E472C /* Resources */ = {
			isa = PBXResourcesBuildPhase;
			buildActionMask = 2147483647;
			files = (
			);
			runOnlyForDeploymentPostprocessing = 0;
		};
		4ABB8ACA24A416ED008E472C /* Resources */ = {
			isa = PBXResourcesBuildPhase;
			buildActionMask = 2147483647;
			files = (
			);
			runOnlyForDeploymentPostprocessing = 0;
		};
/* End PBXResourcesBuildPhase section */

/* Begin PBXSourcesBuildPhase section */
		4ABB8AA724A416EB008E472C /* Sources */ = {
			isa = PBXSourcesBuildPhase;
			buildActionMask = 2147483647;
			files = (
				4ABB8AB324A416EB008E472C /* ViewController.swift in Sources */,
				4ABB8AAF24A416EB008E472C /* AppDelegate.swift in Sources */,
				4ABB8AB124A416EB008E472C /* SceneDelegate.swift in Sources */,
			);
			runOnlyForDeploymentPostprocessing = 0;
		};
		4ABB8ABD24A416ED008E472C /* Sources */ = {
			isa = PBXSourcesBuildPhase;
			buildActionMask = 2147483647;
			files = (
				4ABB8AC624A416ED008E472C /* xylophone_lifeTests.swift in Sources */,
			);
			runOnlyForDeploymentPostprocessing = 0;
		};
		4ABB8AC824A416ED008E472C /* Sources */ = {
			isa = PBXSourcesBuildPhase;
			buildActionMask = 2147483647;
			files = (
				4ABB8AD124A416ED008E472C /* xylophone_lifeUITests.swift in Sources */,
			);
			runOnlyForDeploymentPostprocessing = 0;
		};
/* End PBXSourcesBuildPhase section */

/* Begin PBXTargetDependency section */
		4ABB8AC324A416ED008E472C /* PBXTargetDependency */ = {
			isa = PBXTargetDependency;
			target = 4ABB8AAA24A416EB008E472C /* xylophone-life */;
			targetProxy = 4ABB8AC224A416ED008E472C /* PBXContainerItemProxy */;
		};
		4ABB8ACE24A416ED008E472C /* PBXTargetDependency */ = {
			isa = PBXTargetDependency;
			target = 4ABB8AAA24A416EB008E472C /* xylophone-life */;
			targetProxy = 4ABB8ACD24A416ED008E472C /* PBXContainerItemProxy */;
		};
/* End PBXTargetDependency section */

/* Begin PBXVariantGroup section */
		4ABB8AB424A416EB008E472C /* Main.storyboard */ = {
			isa = PBXVariantGroup;
			children = (
				4ABB8AB524A416EB008E472C /* Base */,
			);
			name = Main.storyboard;
			sourceTree = "<group>";
		};
		4ABB8AB924A416ED008E472C /* LaunchScreen.storyboard */ = {
			isa = PBXVariantGroup;
			children = (
				4ABB8ABA24A416ED008E472C /* Base */,
			);
			name = LaunchScreen.storyboard;
			sourceTree = "<group>";
		};
/* End PBXVariantGroup section */

/* Begin XCBuildConfiguration section */
		4ABB8AD324A416ED008E472C /* Debug */ = {
			isa = XCBuildConfiguration;
			buildSettings = {
				ALWAYS_SEARCH_USER_PATHS = NO;
				CLANG_ANALYZER_NONNULL = YES;
				CLANG_ANALYZER_NUMBER_OBJECT_CONVERSION = YES_AGGRESSIVE;
				CLANG_CXX_LANGUAGE_STANDARD = "gnu++14";
				CLANG_CXX_LIBRARY = "libc++";
				CLANG_ENABLE_MODULES = YES;
				CLANG_ENABLE_OBJC_ARC = YES;
				CLANG_ENABLE_OBJC_WEAK = YES;
				CLANG_WARN_BLOCK_CAPTURE_AUTORELEASING = YES;
				CLANG_WARN_BOOL_CONVERSION = YES;
				CLANG_WARN_COMMA = YES;
				CLANG_WARN_CONSTANT_CONVERSION = YES;
				CLANG_WARN_DEPRECATED_OBJC_IMPLEMENTATIONS = YES;
				CLANG_WARN_DIRECT_OBJC_ISA_USAGE = YES_ERROR;
				CLANG_WARN_DOCUMENTATION_COMMENTS = YES;
				CLANG_WARN_EMPTY_BODY = YES;
				CLANG_WARN_ENUM_CONVERSION = YES;
				CLANG_WARN_INFINITE_RECURSION = YES;
				CLANG_WARN_INT_CONVERSION = YES;
				CLANG_WARN_NON_LITERAL_NULL_CONVERSION = YES;
				CLANG_WARN_OBJC_IMPLICIT_RETAIN_SELF = YES;
				CLANG_WARN_OBJC_LITERAL_CONVERSION = YES;
				CLANG_WARN_OBJC_ROOT_CLASS = YES_ERROR;
				CLANG_WARN_RANGE_LOOP_ANALYSIS = YES;
				CLANG_WARN_STRICT_PROTOTYPES = YES;
				CLANG_WARN_SUSPICIOUS_MOVE = YES;
				CLANG_WARN_UNGUARDED_AVAILABILITY = YES_AGGRESSIVE;
				CLANG_WARN_UNREACHABLE_CODE = YES;
				CLANG_WARN__DUPLICATE_METHOD_MATCH = YES;
				COPY_PHASE_STRIP = NO;
				DEBUG_INFORMATION_FORMAT = dwarf;
				ENABLE_STRICT_OBJC_MSGSEND = YES;
				ENABLE_TESTABILITY = YES;
				GCC_C_LANGUAGE_STANDARD = gnu11;
				GCC_DYNAMIC_NO_PIC = NO;
				GCC_NO_COMMON_BLOCKS = YES;
				GCC_OPTIMIZATION_LEVEL = 0;
				GCC_PREPROCESSOR_DEFINITIONS = (
					"DEBUG=1",
					"$(inherited)",
				);
				GCC_WARN_64_TO_32_BIT_CONVERSION = YES;
				GCC_WARN_ABOUT_RETURN_TYPE = YES_ERROR;
				GCC_WARN_UNDECLARED_SELECTOR = YES;
				GCC_WARN_UNINITIALIZED_AUTOS = YES_AGGRESSIVE;
				GCC_WARN_UNUSED_FUNCTION = YES;
				GCC_WARN_UNUSED_VARIABLE = YES;
				IPHONEOS_DEPLOYMENT_TARGET = 13.5;
				MTL_ENABLE_DEBUG_INFO = INCLUDE_SOURCE;
				MTL_FAST_MATH = YES;
				ONLY_ACTIVE_ARCH = YES;
				SDKROOT = iphoneos;
				SWIFT_ACTIVE_COMPILATION_CONDITIONS = DEBUG;
				SWIFT_OPTIMIZATION_LEVEL = "-Onone";
			};
			name = Debug;
		};
		4ABB8AD424A416ED008E472C /* Release */ = {
			isa = XCBuildConfiguration;
			buildSettings = {
				ALWAYS_SEARCH_USER_PATHS = NO;
				CLANG_ANALYZER_NONNULL = YES;
				CLANG_ANALYZER_NUMBER_OBJECT_CONVERSION = YES_AGGRESSIVE;
				CLANG_CXX_LANGUAGE_STANDARD = "gnu++14";
				CLANG_CXX_LIBRARY = "libc++";
				CLANG_ENABLE_MODULES = YES;
				CLANG_ENABLE_OBJC_ARC = YES;
				CLANG_ENABLE_OBJC_WEAK = YES;
				CLANG_WARN_BLOCK_CAPTURE_AUTORELEASING = YES;
				CLANG_WARN_BOOL_CONVERSION = YES;
				CLANG_WARN_COMMA = YES;
				CLANG_WARN_CONSTANT_CONVERSION = YES;
				CLANG_WARN_DEPRECATED_OBJC_IMPLEMENTATIONS = YES;
				CLANG_WARN_DIRECT_OBJC_ISA_USAGE = YES_ERROR;
				CLANG_WARN_DOCUMENTATION_COMMENTS = YES;
				CLANG_WARN_EMPTY_BODY = YES;
				CLANG_WARN_ENUM_CONVERSION = YES;
				CLANG_WARN_INFINITE_RECURSION = YES;
				CLANG_WARN_INT_CONVERSION = YES;
				CLANG_WARN_NON_LITERAL_NULL_CONVERSION = YES;
				CLANG_WARN_OBJC_IMPLICIT_RETAIN_SELF = YES;
				CLANG_WARN_OBJC_LITERAL_CONVERSION = YES;
				CLANG_WARN_OBJC_ROOT_CLASS = YES_ERROR;
				CLANG_WARN_RANGE_LOOP_ANALYSIS = YES;
				CLANG_WARN_STRICT_PROTOTYPES = YES;
				CLANG_WARN_SUSPICIOUS_MOVE = YES;
				CLANG_WARN_UNGUARDED_AVAILABILITY = YES_AGGRESSIVE;
				CLANG_WARN_UNREACHABLE_CODE = YES;
				CLANG_WARN__DUPLICATE_METHOD_MATCH = YES;
				COPY_PHASE_STRIP = NO;
				DEBUG_INFORMATION_FORMAT = "dwarf-with-dsym";
				ENABLE_NS_ASSERTIONS = NO;
				ENABLE_STRICT_OBJC_MSGSEND = YES;
				GCC_C_LANGUAGE_STANDARD = gnu11;
				GCC_NO_COMMON_BLOCKS = YES;
				GCC_WARN_64_TO_32_BIT_CONVERSION = YES;
				GCC_WARN_ABOUT_RETURN_TYPE = YES_ERROR;
				GCC_WARN_UNDECLARED_SELECTOR = YES;
				GCC_WARN_UNINITIALIZED_AUTOS = YES_AGGRESSIVE;
				GCC_WARN_UNUSED_FUNCTION = YES;
				GCC_WARN_UNUSED_VARIABLE = YES;
				IPHONEOS_DEPLOYMENT_TARGET = 13.5;
				MTL_ENABLE_DEBUG_INFO = NO;
				MTL_FAST_MATH = YES;
				SDKROOT = iphoneos;
				SWIFT_COMPILATION_MODE = wholemodule;
				SWIFT_OPTIMIZATION_LEVEL = "-O";
				VALIDATE_PRODUCT = YES;
			};
			name = Release;
		};
		4ABB8AD624A416ED008E472C /* Debug */ = {
			isa = XCBuildConfiguration;
			buildSettings = {
				ASSETCATALOG_COMPILER_APPICON_NAME = AppIcon;
				CODE_SIGN_STYLE = Automatic;
				DEVELOPMENT_TEAM = WT6QT5DMG8;
				INFOPLIST_FILE = "xylophone-life/Info.plist";
				LD_RUNPATH_SEARCH_PATHS = (
					"$(inherited)",
					"@executable_path/Frameworks",
				);
				PRODUCT_BUNDLE_IDENTIFIER = "io.aminah.xylophone-life";
				PRODUCT_NAME = "Xylophone Life";
				SWIFT_VERSION = 5.0;
				TARGETED_DEVICE_FAMILY = "1,2";
			};
			name = Debug;
		};
		4ABB8AD724A416ED008E472C /* Release */ = {
			isa = XCBuildConfiguration;
			buildSettings = {
				ASSETCATALOG_COMPILER_APPICON_NAME = AppIcon;
				CODE_SIGN_STYLE = Automatic;
				DEVELOPMENT_TEAM = WT6QT5DMG8;
				INFOPLIST_FILE = "xylophone-life/Info.plist";
				LD_RUNPATH_SEARCH_PATHS = (
					"$(inherited)",
					"@executable_path/Frameworks",
				);
				PRODUCT_BUNDLE_IDENTIFIER = "io.aminah.xylophone-life";
				PRODUCT_NAME = "Xylophone Life";
				SWIFT_VERSION = 5.0;
				TARGETED_DEVICE_FAMILY = "1,2";
			};
			name = Release;
		};
		4ABB8AD924A416ED008E472C /* Debug */ = {
			isa = XCBuildConfiguration;
			buildSettings = {
				ALWAYS_EMBED_SWIFT_STANDARD_LIBRARIES = YES;
				BUNDLE_LOADER = "$(TEST_HOST)";
				CODE_SIGN_STYLE = Automatic;
				DEVELOPMENT_TEAM = WT6QT5DMG8;
				INFOPLIST_FILE = "xylophone-lifeTests/Info.plist";
				IPHONEOS_DEPLOYMENT_TARGET = 13.5;
				LD_RUNPATH_SEARCH_PATHS = (
					"$(inherited)",
					"@executable_path/Frameworks",
					"@loader_path/Frameworks",
				);
				PRODUCT_BUNDLE_IDENTIFIER = "io.aminah.xylophone-lifeTests";
				PRODUCT_NAME = "$(TARGET_NAME)";
				SWIFT_VERSION = 5.0;
				TARGETED_DEVICE_FAMILY = "1,2";
				TEST_HOST = "$(BUILT_PRODUCTS_DIR)/xylophone-life.app/xylophone-life";
			};
			name = Debug;
		};
		4ABB8ADA24A416ED008E472C /* Release */ = {
			isa = XCBuildConfiguration;
			buildSettings = {
				ALWAYS_EMBED_SWIFT_STANDARD_LIBRARIES = YES;
				BUNDLE_LOADER = "$(TEST_HOST)";
				CODE_SIGN_STYLE = Automatic;
				DEVELOPMENT_TEAM = WT6QT5DMG8;
				INFOPLIST_FILE = "xylophone-lifeTests/Info.plist";
				IPHONEOS_DEPLOYMENT_TARGET = 13.5;
				LD_RUNPATH_SEARCH_PATHS = (
					"$(inherited)",
					"@executable_path/Frameworks",
					"@loader_path/Frameworks",
				);
				PRODUCT_BUNDLE_IDENTIFIER = "io.aminah.xylophone-lifeTests";
				PRODUCT_NAME = "$(TARGET_NAME)";
				SWIFT_VERSION = 5.0;
				TARGETED_DEVICE_FAMILY = "1,2";
				TEST_HOST = "$(BUILT_PRODUCTS_DIR)/xylophone-life.app/xylophone-life";
			};
			name = Release;
		};
		4ABB8ADC24A416ED008E472C /* Debug */ = {
			isa = XCBuildConfiguration;
			buildSettings = {
				ALWAYS_EMBED_SWIFT_STANDARD_LIBRARIES = YES;
				CODE_SIGN_STYLE = Automatic;
				DEVELOPMENT_TEAM = WT6QT5DMG8;
				INFOPLIST_FILE = "xylophone-lifeUITests/Info.plist";
				LD_RUNPATH_SEARCH_PATHS = (
					"$(inherited)",
					"@executable_path/Frameworks",
					"@loader_path/Frameworks",
				);
				PRODUCT_BUNDLE_IDENTIFIER = "io.aminah.xylophone-lifeUITests";
				PRODUCT_NAME = "$(TARGET_NAME)";
				SWIFT_VERSION = 5.0;
				TARGETED_DEVICE_FAMILY = "1,2";
				TEST_TARGET_NAME = "xylophone-life";
			};
			name = Debug;
		};
		4ABB8ADD24A416ED008E472C /* Release */ = {
			isa = XCBuildConfiguration;
			buildSettings = {
				ALWAYS_EMBED_SWIFT_STANDARD_LIBRARIES = YES;
				CODE_SIGN_STYLE = Automatic;
				DEVELOPMENT_TEAM = WT6QT5DMG8;
				INFOPLIST_FILE = "xylophone-lifeUITests/Info.plist";
				LD_RUNPATH_SEARCH_PATHS = (
					"$(inherited)",
					"@executable_path/Frameworks",
					"@loader_path/Frameworks",
				);
				PRODUCT_BUNDLE_IDENTIFIER = "io.aminah.xylophone-lifeUITests";
				PRODUCT_NAME = "$(TARGET_NAME)";
				SWIFT_VERSION = 5.0;
				TARGETED_DEVICE_FAMILY = "1,2";
				TEST_TARGET_NAME = "xylophone-life";
			};
			name = Release;
		};
/* End XCBuildConfiguration section */

/* Begin XCConfigurationList section */
		4ABB8AA624A416EB008E472C /* Build configuration list for PBXProject "xylophone-life" */ = {
			isa = XCConfigurationList;
			buildConfigurations = (
				4ABB8AD324A416ED008E472C /* Debug */,
				4ABB8AD424A416ED008E472C /* Release */,
			);
			defaultConfigurationIsVisible = 0;
			defaultConfigurationName = Release;
		};
		4ABB8AD524A416ED008E472C /* Build configuration list for PBXNativeTarget "xylophone-life" */ = {
			isa = XCConfigurationList;
			buildConfigurations = (
				4ABB8AD624A416ED008E472C /* Debug */,
				4ABB8AD724A416ED008E472C /* Release */,
			);
			defaultConfigurationIsVisible = 0;
			defaultConfigurationName = Release;
		};
		4ABB8AD824A416ED008E472C /* Build configuration list for PBXNativeTarget "xylophone-lifeTests" */ = {
			isa = XCConfigurationList;
			buildConfigurations = (
				4ABB8AD924A416ED008E472C /* Debug */,
				4ABB8ADA24A416ED008E472C /* Release */,
			);
			defaultConfigurationIsVisible = 0;
			defaultConfigurationName = Release;
		};
		4ABB8ADB24A416ED008E472C /* Build configuration list for PBXNativeTarget "xylophone-lifeUITests" */ = {
			isa = XCConfigurationList;
			buildConfigurations = (
				4ABB8ADC24A416ED008E472C /* Debug */,
				4ABB8ADD24A416ED008E472C /* Release */,
			);
			defaultConfigurationIsVisible = 0;
			defaultConfigurationName = Release;
		};
/* End XCConfigurationList section */
	};
	rootObject = 4ABB8AA324A416EB008E472C /* Project object */;
}
